
Microsoft Visual Studio Solution File, Format Version 12.00
# Visual Studio Version 17
VisualStudioVersion = 17.5.002.0
MinimumVisualStudioVersion = 10.0.40219.1
Project("{9A19103F-16F7-4668-BE54-9A1E7A4F7556}") = "WebApp", "WebApp\WebApp.csproj", "{24D8709D-1F1A-4BC2-8DE0-07DA76664CCA}"
EndProject
Project("{FAE04EC0-301F-11D3-BF4B-00C04F79EFBC}") = "WebApp.Tests", "WebApp.Tests\WebApp.Tests.csproj", "{9BCC1E81-DBD3-4B1B-835B-837AC6C92D19}"
EndProject
Global
	GlobalSection(SolutionConfigurationPlatforms) = preSolution
		Debug|Any CPU = Debug|Any CPU
		Release|Any CPU = Release|Any CPU
	EndGlobalSection
	GlobalSection(ProjectConfigurationPlatforms) = postSolution
		{24D8709D-1F1A-4BC2-8DE0-07DA76664CCA}.Debug|Any CPU.ActiveCfg = Debug|Any CPU
		{24D8709D-1F1A-4BC2-8DE0-07DA76664CCA}.Debug|Any CPU.Build.0 = Debug|Any CPU
		{24D8709D-1F1A-4BC2-8DE0-07DA76664CCA}.Release|Any CPU.ActiveCfg = Release|Any CPU
		{24D8709D-1F1A-4BC2-8DE0-07DA76664CCA}.Release|Any CPU.Build.0 = Release|Any CPU
		{9BCC1E81-DBD3-4B1B-835B-837AC6C92D19}.Debug|Any CPU.ActiveCfg = Debug|Any CPU
		{9BCC1E81-DBD3-4B1B-835B-837AC6C92D19}.Debug|Any CPU.Build.0 = Debug|Any CPU
		{9BCC1E81-DBD3-4B1B-835B-837AC6C92D19}.Release|Any CPU.ActiveCfg = Release|Any CPU
		{9BCC1E81-DBD3-4B1B-835B-837AC6C92D19}.Release|Any CPU.Build.0 = Release|Any CPU
	EndGlobalSection
	GlobalSection(SolutionProperties) = preSolution
		HideSolutionNode = FALSE
	EndGlobalSection
	GlobalSection(ExtensibilityGlobals) = postSolution
		SolutionGuid = {8B04C2AB-C30C-42B4-B254-1C180877396F}
	EndGlobalSection
EndGlobal
